// !$*UTF8*$!
{
	archiveVersion = 1;
	classes = {
	};
	objectVersion = 56;
	objects = {

/* Begin PBXBuildFile section */
		B3781EEDFEB1AC8E96430AB0 /* Pods_DailyDo.framework in Frameworks */ = {isa = PBXBuildFile; fileRef = BE0198935066D03D90DC6429 /* Pods_DailyDo.framework */; };
		F435C3A42A4C701600780BF8 /* CoredataModel.xcdatamodeld in Sources */ = {isa = PBXBuildFile; fileRef = F435C3A22A4C701600780BF8 /* CoredataModel.xcdatamodeld */; };
		F435C3A82A559ECB00780BF8 /* CoreDataManager.swift in Sources */ = {isa = PBXBuildFile; fileRef = F435C3A72A559ECB00780BF8 /* CoreDataManager.swift */; };
		F435C3AB2A5C1A7C00780BF8 /* NameSpace.swift in Sources */ = {isa = PBXBuildFile; fileRef = F435C3AA2A5C1A7C00780BF8 /* NameSpace.swift */; };
		F435C3B52A66ADF400780BF8 /* MemoEntity+CoreDataClass.swift in Sources */ = {isa = PBXBuildFile; fileRef = F435C3B32A66ADF400780BF8 /* MemoEntity+CoreDataClass.swift */; };
		F435C3B62A66ADF400780BF8 /* MemoEntity+CoreDataClass.swift in Sources */ = {isa = PBXBuildFile; fileRef = F435C3B32A66ADF400780BF8 /* MemoEntity+CoreDataClass.swift */; };
		F435C3B72A66ADF400780BF8 /* MemoEntity+CoreDataClass.swift in Sources */ = {isa = PBXBuildFile; fileRef = F435C3B32A66ADF400780BF8 /* MemoEntity+CoreDataClass.swift */; };
		F435C3B82A66ADF400780BF8 /* MemoEntity+CoreDataProperties.swift in Sources */ = {isa = PBXBuildFile; fileRef = F435C3B42A66ADF400780BF8 /* MemoEntity+CoreDataProperties.swift */; };
		F435C3B92A66ADF400780BF8 /* MemoEntity+CoreDataProperties.swift in Sources */ = {isa = PBXBuildFile; fileRef = F435C3B42A66ADF400780BF8 /* MemoEntity+CoreDataProperties.swift */; };
		F435C3BA2A66ADF400780BF8 /* MemoEntity+CoreDataProperties.swift in Sources */ = {isa = PBXBuildFile; fileRef = F435C3B42A66ADF400780BF8 /* MemoEntity+CoreDataProperties.swift */; };
		F4AC47182A407C9B00C771DB /* AppDelegate.swift in Sources */ = {isa = PBXBuildFile; fileRef = F4AC47172A407C9B00C771DB /* AppDelegate.swift */; };
		F4AC471A2A407C9B00C771DB /* SceneDelegate.swift in Sources */ = {isa = PBXBuildFile; fileRef = F4AC47192A407C9B00C771DB /* SceneDelegate.swift */; };
		F4AC471C2A407C9B00C771DB /* ViewController.swift in Sources */ = {isa = PBXBuildFile; fileRef = F4AC471B2A407C9B00C771DB /* ViewController.swift */; };
		F4AC471F2A407C9B00C771DB /* Main.storyboard in Resources */ = {isa = PBXBuildFile; fileRef = F4AC471D2A407C9B00C771DB /* Main.storyboard */; };
		F4AC47212A407C9D00C771DB /* Assets.xcassets in Resources */ = {isa = PBXBuildFile; fileRef = F4AC47202A407C9D00C771DB /* Assets.xcassets */; };
		F4AC47242A407C9D00C771DB /* LaunchScreen.storyboard in Resources */ = {isa = PBXBuildFile; fileRef = F4AC47222A407C9D00C771DB /* LaunchScreen.storyboard */; };
		F4AC472F2A407C9E00C771DB /* DailyDoTests.swift in Sources */ = {isa = PBXBuildFile; fileRef = F4AC472E2A407C9E00C771DB /* DailyDoTests.swift */; };
		F4AC47392A407C9E00C771DB /* DailyDoUITests.swift in Sources */ = {isa = PBXBuildFile; fileRef = F4AC47382A407C9E00C771DB /* DailyDoUITests.swift */; };
		F4AC473B2A407C9E00C771DB /* DailyDoUITestsLaunchTests.swift in Sources */ = {isa = PBXBuildFile; fileRef = F4AC473A2A407C9E00C771DB /* DailyDoUITestsLaunchTests.swift */; };
		F4C490882A408C6C009D6B74 /* AlarmListCell.swift in Sources */ = {isa = PBXBuildFile; fileRef = F4C490872A408C6C009D6B74 /* AlarmListCell.swift */; };
		F4C4908F2A40C380009D6B74 /* AddAlarmVC.swift in Sources */ = {isa = PBXBuildFile; fileRef = F4C4908E2A40C380009D6B74 /* AddAlarmVC.swift */; };
		F4C490912A4207F6009D6B74 /* SetCycleCell.swift in Sources */ = {isa = PBXBuildFile; fileRef = F4C490902A4207F6009D6B74 /* SetCycleCell.swift */; };
		F4C490932A423B09009D6B74 /* SetCycleVC.swift in Sources */ = {isa = PBXBuildFile; fileRef = F4C490922A423B09009D6B74 /* SetCycleVC.swift */; };
		F4C490952A448D78009D6B74 /* CycleCell.swift in Sources */ = {isa = PBXBuildFile; fileRef = F4C490942A448D78009D6B74 /* CycleCell.swift */; };
		F4DB6B032A695668001556D7 /* SetTimeCell.swift in Sources */ = {isa = PBXBuildFile; fileRef = F4DB6B022A695668001556D7 /* SetTimeCell.swift */; };
		F4DB6B052A696843001556D7 /* CellModel.swift in Sources */ = {isa = PBXBuildFile; fileRef = F4DB6B042A696843001556D7 /* CellModel.swift */; };
		F4DB6B072A6FF6E3001556D7 /* extensions.swift in Sources */ = {isa = PBXBuildFile; fileRef = F4DB6B062A6FF6E3001556D7 /* extensions.swift */; };
		F4DB6B092A7016C1001556D7 /* CustomDelegates.swift in Sources */ = {isa = PBXBuildFile; fileRef = F4DB6B082A7016C1001556D7 /* CustomDelegates.swift */; };
		F4DB6B0B2A702615001556D7 /* Colors.swift in Sources */ = {isa = PBXBuildFile; fileRef = F4DB6B0A2A702615001556D7 /* Colors.swift */; };
		F4DF987B2A98ADFC009B9B82 /* NotificationManager.swift in Sources */ = {isa = PBXBuildFile; fileRef = F4DF987A2A98ADFC009B9B82 /* NotificationManager.swift */; };
/* End PBXBuildFile section */

/* Begin PBXContainerItemProxy section */
		F4AC472B2A407C9E00C771DB /* PBXContainerItemProxy */ = {
			isa = PBXContainerItemProxy;
			containerPortal = F4AC470C2A407C9B00C771DB /* Project object */;
			proxyType = 1;
			remoteGlobalIDString = F4AC47132A407C9B00C771DB;
			remoteInfo = DailyDo;
		};
		F4AC47352A407C9E00C771DB /* PBXContainerItemProxy */ = {
			isa = PBXContainerItemProxy;
			containerPortal = F4AC470C2A407C9B00C771DB /* Project object */;
			proxyType = 1;
			remoteGlobalIDString = F4AC47132A407C9B00C771DB;
			remoteInfo = DailyDo;
		};
/* End PBXContainerItemProxy section */

/* Begin PBXFileReference section */
		0B907D45F95D00EFFF4B870E /* Pods-DailyDo.debug.xcconfig */ = {isa = PBXFileReference; includeInIndex = 1; lastKnownFileType = text.xcconfig; name = "Pods-DailyDo.debug.xcconfig"; path = "Target Support Files/Pods-DailyDo/Pods-DailyDo.debug.xcconfig"; sourceTree = "<group>"; };
		2926D0F96BA610DF44CC1E8B /* Pods-DailyDo.release.xcconfig */ = {isa = PBXFileReference; includeInIndex = 1; lastKnownFileType = text.xcconfig; name = "Pods-DailyDo.release.xcconfig"; path = "Target Support Files/Pods-DailyDo/Pods-DailyDo.release.xcconfig"; sourceTree = "<group>"; };
		BE0198935066D03D90DC6429 /* Pods_DailyDo.framework */ = {isa = PBXFileReference; explicitFileType = wrapper.framework; includeInIndex = 0; path = Pods_DailyDo.framework; sourceTree = BUILT_PRODUCTS_DIR; };
		F435C3A32A4C701600780BF8 /* CoredataModel.xcdatamodel */ = {isa = PBXFileReference; lastKnownFileType = wrapper.xcdatamodel; path = CoredataModel.xcdatamodel; sourceTree = "<group>"; };
		F435C3A72A559ECB00780BF8 /* CoreDataManager.swift */ = {isa = PBXFileReference; lastKnownFileType = sourcecode.swift; path = CoreDataManager.swift; sourceTree = "<group>"; };
		F435C3AA2A5C1A7C00780BF8 /* NameSpace.swift */ = {isa = PBXFileReference; lastKnownFileType = sourcecode.swift; path = NameSpace.swift; sourceTree = "<group>"; };
		F435C3B32A66ADF400780BF8 /* MemoEntity+CoreDataClass.swift */ = {isa = PBXFileReference; lastKnownFileType = sourcecode.swift; path = "MemoEntity+CoreDataClass.swift"; sourceTree = SOURCE_ROOT; };
		F435C3B42A66ADF400780BF8 /* MemoEntity+CoreDataProperties.swift */ = {isa = PBXFileReference; lastKnownFileType = sourcecode.swift; path = "MemoEntity+CoreDataProperties.swift"; sourceTree = SOURCE_ROOT; };
		F4AC47142A407C9B00C771DB /* DailyDo.app */ = {isa = PBXFileReference; explicitFileType = wrapper.application; includeInIndex = 0; path = DailyDo.app; sourceTree = BUILT_PRODUCTS_DIR; };
		F4AC47172A407C9B00C771DB /* AppDelegate.swift */ = {isa = PBXFileReference; lastKnownFileType = sourcecode.swift; path = AppDelegate.swift; sourceTree = "<group>"; };
		F4AC47192A407C9B00C771DB /* SceneDelegate.swift */ = {isa = PBXFileReference; lastKnownFileType = sourcecode.swift; path = SceneDelegate.swift; sourceTree = "<group>"; };
		F4AC471B2A407C9B00C771DB /* ViewController.swift */ = {isa = PBXFileReference; lastKnownFileType = sourcecode.swift; path = ViewController.swift; sourceTree = "<group>"; };
		F4AC471E2A407C9B00C771DB /* Base */ = {isa = PBXFileReference; lastKnownFileType = file.storyboard; name = Base; path = Base.lproj/Main.storyboard; sourceTree = "<group>"; };
		F4AC47202A407C9D00C771DB /* Assets.xcassets */ = {isa = PBXFileReference; lastKnownFileType = folder.assetcatalog; path = Assets.xcassets; sourceTree = "<group>"; };
		F4AC47232A407C9D00C771DB /* Base */ = {isa = PBXFileReference; lastKnownFileType = file.storyboard; name = Base; path = Base.lproj/LaunchScreen.storyboard; sourceTree = "<group>"; };
		F4AC47252A407C9D00C771DB /* Info.plist */ = {isa = PBXFileReference; lastKnownFileType = text.plist.xml; path = Info.plist; sourceTree = "<group>"; };
		F4AC472A2A407C9E00C771DB /* DailyDoTests.xctest */ = {isa = PBXFileReference; explicitFileType = wrapper.cfbundle; includeInIndex = 0; path = DailyDoTests.xctest; sourceTree = BUILT_PRODUCTS_DIR; };
		F4AC472E2A407C9E00C771DB /* DailyDoTests.swift */ = {isa = PBXFileReference; lastKnownFileType = sourcecode.swift; path = DailyDoTests.swift; sourceTree = "<group>"; };
		F4AC47342A407C9E00C771DB /* DailyDoUITests.xctest */ = {isa = PBXFileReference; explicitFileType = wrapper.cfbundle; includeInIndex = 0; path = DailyDoUITests.xctest; sourceTree = BUILT_PRODUCTS_DIR; };
		F4AC47382A407C9E00C771DB /* DailyDoUITests.swift */ = {isa = PBXFileReference; lastKnownFileType = sourcecode.swift; path = DailyDoUITests.swift; sourceTree = "<group>"; };
		F4AC473A2A407C9E00C771DB /* DailyDoUITestsLaunchTests.swift */ = {isa = PBXFileReference; lastKnownFileType = sourcecode.swift; path = DailyDoUITestsLaunchTests.swift; sourceTree = "<group>"; };
		F4C490872A408C6C009D6B74 /* AlarmListCell.swift */ = {isa = PBXFileReference; lastKnownFileType = sourcecode.swift; path = AlarmListCell.swift; sourceTree = "<group>"; };
		F4C4908E2A40C380009D6B74 /* AddAlarmVC.swift */ = {isa = PBXFileReference; lastKnownFileType = sourcecode.swift; path = AddAlarmVC.swift; sourceTree = "<group>"; };
		F4C490902A4207F6009D6B74 /* SetCycleCell.swift */ = {isa = PBXFileReference; lastKnownFileType = sourcecode.swift; path = SetCycleCell.swift; sourceTree = "<group>"; };
		F4C490922A423B09009D6B74 /* SetCycleVC.swift */ = {isa = PBXFileReference; lastKnownFileType = sourcecode.swift; path = SetCycleVC.swift; sourceTree = "<group>"; };
		F4C490942A448D78009D6B74 /* CycleCell.swift */ = {isa = PBXFileReference; lastKnownFileType = sourcecode.swift; path = CycleCell.swift; sourceTree = "<group>"; };
		F4DB6B022A695668001556D7 /* SetTimeCell.swift */ = {isa = PBXFileReference; lastKnownFileType = sourcecode.swift; path = SetTimeCell.swift; sourceTree = "<group>"; };
		F4DB6B042A696843001556D7 /* CellModel.swift */ = {isa = PBXFileReference; lastKnownFileType = sourcecode.swift; path = CellModel.swift; sourceTree = "<group>"; };
		F4DB6B062A6FF6E3001556D7 /* extensions.swift */ = {isa = PBXFileReference; lastKnownFileType = sourcecode.swift; path = extensions.swift; sourceTree = "<group>"; };
		F4DB6B082A7016C1001556D7 /* CustomDelegates.swift */ = {isa = PBXFileReference; lastKnownFileType = sourcecode.swift; path = CustomDelegates.swift; sourceTree = "<group>"; };
		F4DB6B0A2A702615001556D7 /* Colors.swift */ = {isa = PBXFileReference; lastKnownFileType = sourcecode.swift; path = Colors.swift; sourceTree = "<group>"; };
		F4DF987A2A98ADFC009B9B82 /* NotificationManager.swift */ = {isa = PBXFileReference; lastKnownFileType = sourcecode.swift; path = NotificationManager.swift; sourceTree = "<group>"; };
/* End PBXFileReference section */

/* Begin PBXFrameworksBuildPhase section */
		F4AC47112A407C9B00C771DB /* Frameworks */ = {
			isa = PBXFrameworksBuildPhase;
			buildActionMask = 2147483647;
			files = (
				B3781EEDFEB1AC8E96430AB0 /* Pods_DailyDo.framework in Frameworks */,
			);
			runOnlyForDeploymentPostprocessing = 0;
		};
		F4AC47272A407C9E00C771DB /* Frameworks */ = {
			isa = PBXFrameworksBuildPhase;
			buildActionMask = 2147483647;
			files = (
			);
			runOnlyForDeploymentPostprocessing = 0;
		};
		F4AC47312A407C9E00C771DB /* Frameworks */ = {
			isa = PBXFrameworksBuildPhase;
			buildActionMask = 2147483647;
			files = (
			);
			runOnlyForDeploymentPostprocessing = 0;
		};
/* End PBXFrameworksBuildPhase section */

/* Begin PBXGroup section */
		A0B5224578E70BC959BD9293 /* Frameworks */ = {
			isa = PBXGroup;
			children = (
				BE0198935066D03D90DC6429 /* Pods_DailyDo.framework */,
			);
			name = Frameworks;
			sourceTree = "<group>";
		};
		D2E574A1A804CEC215C2F695 /* Pods */ = {
			isa = PBXGroup;
			children = (
				0B907D45F95D00EFFF4B870E /* Pods-DailyDo.debug.xcconfig */,
				2926D0F96BA610DF44CC1E8B /* Pods-DailyDo.release.xcconfig */,
			);
			path = Pods;
			sourceTree = "<group>";
		};
		F435C3A92A5C198700780BF8 /* Helper */ = {
			isa = PBXGroup;
			children = (
				F435C3AA2A5C1A7C00780BF8 /* NameSpace.swift */,
				F4DB6B042A696843001556D7 /* CellModel.swift */,
				F4DB6B062A6FF6E3001556D7 /* extensions.swift */,
				F4DB6B082A7016C1001556D7 /* CustomDelegates.swift */,
				F4DB6B0A2A702615001556D7 /* Colors.swift */,
			);
			path = Helper;
			sourceTree = "<group>";
		};
		F4AC470B2A407C9B00C771DB = {
			isa = PBXGroup;
			children = (
				F4AC47162A407C9B00C771DB /* DailyDo */,
				F4AC472D2A407C9E00C771DB /* DailyDoTests */,
				F4AC47372A407C9E00C771DB /* DailyDoUITests */,
				F4AC47152A407C9B00C771DB /* Products */,
				D2E574A1A804CEC215C2F695 /* Pods */,
				A0B5224578E70BC959BD9293 /* Frameworks */,
			);
			sourceTree = "<group>";
		};
		F4AC47152A407C9B00C771DB /* Products */ = {
			isa = PBXGroup;
			children = (
				F4AC47142A407C9B00C771DB /* DailyDo.app */,
				F4AC472A2A407C9E00C771DB /* DailyDoTests.xctest */,
				F4AC47342A407C9E00C771DB /* DailyDoUITests.xctest */,
			);
			name = Products;
			sourceTree = "<group>";
		};
		F4AC47162A407C9B00C771DB /* DailyDo */ = {
			isa = PBXGroup;
			children = (
				F435C3A92A5C198700780BF8 /* Helper */,
				F4C4908B2A409357009D6B74 /* Controller */,
				F4C4908A2A40934F009D6B74 /* View */,
				F4C490892A409346009D6B74 /* Model */,
				F4AC47172A407C9B00C771DB /* AppDelegate.swift */,
				F435C3A22A4C701600780BF8 /* CoredataModel.xcdatamodeld */,
				F4AC47192A407C9B00C771DB /* SceneDelegate.swift */,
				F4AC471D2A407C9B00C771DB /* Main.storyboard */,
				F4AC47202A407C9D00C771DB /* Assets.xcassets */,
				F4AC47222A407C9D00C771DB /* LaunchScreen.storyboard */,
				F4AC47252A407C9D00C771DB /* Info.plist */,
			);
			path = DailyDo;
			sourceTree = "<group>";
		};
		F4AC472D2A407C9E00C771DB /* DailyDoTests */ = {
			isa = PBXGroup;
			children = (
				F4AC472E2A407C9E00C771DB /* DailyDoTests.swift */,
			);
			path = DailyDoTests;
			sourceTree = "<group>";
		};
		F4AC47372A407C9E00C771DB /* DailyDoUITests */ = {
			isa = PBXGroup;
			children = (
				F4AC47382A407C9E00C771DB /* DailyDoUITests.swift */,
				F4AC473A2A407C9E00C771DB /* DailyDoUITestsLaunchTests.swift */,
			);
			path = DailyDoUITests;
			sourceTree = "<group>";
		};
		F4C490892A409346009D6B74 /* Model */ = {
			isa = PBXGroup;
			children = (
				F435C3B32A66ADF400780BF8 /* MemoEntity+CoreDataClass.swift */,
				F435C3B42A66ADF400780BF8 /* MemoEntity+CoreDataProperties.swift */,
				F435C3A72A559ECB00780BF8 /* CoreDataManager.swift */,
				F4DF987A2A98ADFC009B9B82 /* NotificationManager.swift */,
			);
			path = Model;
			sourceTree = "<group>";
		};
		F4C4908A2A40934F009D6B74 /* View */ = {
			isa = PBXGroup;
			children = (
				F4C490872A408C6C009D6B74 /* AlarmListCell.swift */,
				F4C490902A4207F6009D6B74 /* SetCycleCell.swift */,
				F4DB6B022A695668001556D7 /* SetTimeCell.swift */,
				F4C490942A448D78009D6B74 /* CycleCell.swift */,
			);
			path = View;
			sourceTree = "<group>";
		};
		F4C4908B2A409357009D6B74 /* Controller */ = {
			isa = PBXGroup;
			children = (
				F4AC471B2A407C9B00C771DB /* ViewController.swift */,
				F4C4908E2A40C380009D6B74 /* AddAlarmVC.swift */,
				F4C490922A423B09009D6B74 /* SetCycleVC.swift */,
			);
			path = Controller;
			sourceTree = "<group>";
		};
/* End PBXGroup section */

/* Begin PBXNativeTarget section */
		F4AC47132A407C9B00C771DB /* DailyDo */ = {
			isa = PBXNativeTarget;
			buildConfigurationList = F4AC473E2A407C9E00C771DB /* Build configuration list for PBXNativeTarget "DailyDo" */;
			buildPhases = (
				29D4CD80DA8A29DFBD277BD5 /* [CP] Check Pods Manifest.lock */,
				F4AC47102A407C9B00C771DB /* Sources */,
				F4AC47112A407C9B00C771DB /* Frameworks */,
				F4AC47122A407C9B00C771DB /* Resources */,
				74302B6CCF2222B7B6E1CEAF /* [CP] Embed Pods Frameworks */,
			);
			buildRules = (
			);
			dependencies = (
			);
			name = DailyDo;
			productName = DailyDo;
			productReference = F4AC47142A407C9B00C771DB /* DailyDo.app */;
			productType = "com.apple.product-type.application";
		};
		F4AC47292A407C9E00C771DB /* DailyDoTests */ = {
			isa = PBXNativeTarget;
			buildConfigurationList = F4AC47412A407C9E00C771DB /* Build configuration list for PBXNativeTarget "DailyDoTests" */;
			buildPhases = (
				F4AC47262A407C9E00C771DB /* Sources */,
				F4AC47272A407C9E00C771DB /* Frameworks */,
				F4AC47282A407C9E00C771DB /* Resources */,
			);
			buildRules = (
			);
			dependencies = (
				F4AC472C2A407C9E00C771DB /* PBXTargetDependency */,
			);
			name = DailyDoTests;
			productName = DailyDoTests;
			productReference = F4AC472A2A407C9E00C771DB /* DailyDoTests.xctest */;
			productType = "com.apple.product-type.bundle.unit-test";
		};
		F4AC47332A407C9E00C771DB /* DailyDoUITests */ = {
			isa = PBXNativeTarget;
			buildConfigurationList = F4AC47442A407C9E00C771DB /* Build configuration list for PBXNativeTarget "DailyDoUITests" */;
			buildPhases = (
				F4AC47302A407C9E00C771DB /* Sources */,
				F4AC47312A407C9E00C771DB /* Frameworks */,
				F4AC47322A407C9E00C771DB /* Resources */,
			);
			buildRules = (
			);
			dependencies = (
				F4AC47362A407C9E00C771DB /* PBXTargetDependency */,
			);
			name = DailyDoUITests;
			productName = DailyDoUITests;
			productReference = F4AC47342A407C9E00C771DB /* DailyDoUITests.xctest */;
			productType = "com.apple.product-type.bundle.ui-testing";
		};
/* End PBXNativeTarget section */

/* Begin PBXProject section */
		F4AC470C2A407C9B00C771DB /* Project object */ = {
			isa = PBXProject;
			attributes = {
				BuildIndependentTargetsInParallel = 1;
				LastSwiftUpdateCheck = 1420;
				LastUpgradeCheck = 1420;
				TargetAttributes = {
					F4AC47132A407C9B00C771DB = {
						CreatedOnToolsVersion = 14.2;
					};
					F4AC47292A407C9E00C771DB = {
						CreatedOnToolsVersion = 14.2;
						TestTargetID = F4AC47132A407C9B00C771DB;
					};
					F4AC47332A407C9E00C771DB = {
						CreatedOnToolsVersion = 14.2;
						TestTargetID = F4AC47132A407C9B00C771DB;
					};
				};
			};
			buildConfigurationList = F4AC470F2A407C9B00C771DB /* Build configuration list for PBXProject "DailyDo" */;
			compatibilityVersion = "Xcode 14.0";
			developmentRegion = en;
			hasScannedForEncodings = 0;
			knownRegions = (
				en,
				Base,
			);
			mainGroup = F4AC470B2A407C9B00C771DB;
			productRefGroup = F4AC47152A407C9B00C771DB /* Products */;
			projectDirPath = "";
			projectRoot = "";
			targets = (
				F4AC47132A407C9B00C771DB /* DailyDo */,
				F4AC47292A407C9E00C771DB /* DailyDoTests */,
				F4AC47332A407C9E00C771DB /* DailyDoUITests */,
			);
		};
/* End PBXProject section */

/* Begin PBXResourcesBuildPhase section */
		F4AC47122A407C9B00C771DB /* Resources */ = {
			isa = PBXResourcesBuildPhase;
			buildActionMask = 2147483647;
			files = (
				F4AC47242A407C9D00C771DB /* LaunchScreen.storyboard in Resources */,
				F4AC47212A407C9D00C771DB /* Assets.xcassets in Resources */,
				F4AC471F2A407C9B00C771DB /* Main.storyboard in Resources */,
			);
			runOnlyForDeploymentPostprocessing = 0;
		};
		F4AC47282A407C9E00C771DB /* Resources */ = {
			isa = PBXResourcesBuildPhase;
			buildActionMask = 2147483647;
			files = (
			);
			runOnlyForDeploymentPostprocessing = 0;
		};
		F4AC47322A407C9E00C771DB /* Resources */ = {
			isa = PBXResourcesBuildPhase;
			buildActionMask = 2147483647;
			files = (
			);
			runOnlyForDeploymentPostprocessing = 0;
		};
/* End PBXResourcesBuildPhase section */

/* Begin PBXShellScriptBuildPhase section */
		29D4CD80DA8A29DFBD277BD5 /* [CP] Check Pods Manifest.lock */ = {
			isa = PBXShellScriptBuildPhase;
			buildActionMask = 2147483647;
			files = (
			);
			inputFileListPaths = (
			);
			inputPaths = (
				"${PODS_PODFILE_DIR_PATH}/Podfile.lock",
				"${PODS_ROOT}/Manifest.lock",
			);
			name = "[CP] Check Pods Manifest.lock";
			outputFileListPaths = (
			);
			outputPaths = (
				"$(DERIVED_FILE_DIR)/Pods-DailyDo-checkManifestLockResult.txt",
			);
			runOnlyForDeploymentPostprocessing = 0;
			shellPath = /bin/sh;
			shellScript = "diff \"${PODS_PODFILE_DIR_PATH}/Podfile.lock\" \"${PODS_ROOT}/Manifest.lock\" > /dev/null\nif [ $? != 0 ] ; then\n    # print error to STDERR\n    echo \"error: The sandbox is not in sync with the Podfile.lock. Run 'pod install' or update your CocoaPods installation.\" >&2\n    exit 1\nfi\n# This output is used by Xcode 'outputs' to avoid re-running this script phase.\necho \"SUCCESS\" > \"${SCRIPT_OUTPUT_FILE_0}\"\n";
			showEnvVarsInLog = 0;
		};
		74302B6CCF2222B7B6E1CEAF /* [CP] Embed Pods Frameworks */ = {
			isa = PBXShellScriptBuildPhase;
			buildActionMask = 2147483647;
			files = (
			);
			inputFileListPaths = (
				"${PODS_ROOT}/Target Support Files/Pods-DailyDo/Pods-DailyDo-frameworks-${CONFIGURATION}-input-files.xcfilelist",
			);
			name = "[CP] Embed Pods Frameworks";
			outputFileListPaths = (
				"${PODS_ROOT}/Target Support Files/Pods-DailyDo/Pods-DailyDo-frameworks-${CONFIGURATION}-output-files.xcfilelist",
			);
			runOnlyForDeploymentPostprocessing = 0;
			shellPath = /bin/sh;
			shellScript = "\"${PODS_ROOT}/Target Support Files/Pods-DailyDo/Pods-DailyDo-frameworks.sh\"\n";
			showEnvVarsInLog = 0;
		};
/* End PBXShellScriptBuildPhase section */

/* Begin PBXSourcesBuildPhase section */
		F4AC47102A407C9B00C771DB /* Sources */ = {
			isa = PBXSourcesBuildPhase;
			buildActionMask = 2147483647;
			files = (
				F4C490932A423B09009D6B74 /* SetCycleVC.swift in Sources */,
				F4AC471C2A407C9B00C771DB /* ViewController.swift in Sources */,
				F435C3A42A4C701600780BF8 /* CoredataModel.xcdatamodeld in Sources */,
				F435C3B52A66ADF400780BF8 /* MemoEntity+CoreDataClass.swift in Sources */,
				F4C490912A4207F6009D6B74 /* SetCycleCell.swift in Sources */,
				F435C3A82A559ECB00780BF8 /* CoreDataManager.swift in Sources */,
				F4AC47182A407C9B00C771DB /* AppDelegate.swift in Sources */,
				F4DB6B0B2A702615001556D7 /* Colors.swift in Sources */,
				F4AC471A2A407C9B00C771DB /* SceneDelegate.swift in Sources */,
				F4DB6B032A695668001556D7 /* SetTimeCell.swift in Sources */,
				F4DB6B092A7016C1001556D7 /* CustomDelegates.swift in Sources */,
				F4C4908F2A40C380009D6B74 /* AddAlarmVC.swift in Sources */,
				F4DB6B052A696843001556D7 /* CellModel.swift in Sources */,
				F4DB6B072A6FF6E3001556D7 /* extensions.swift in Sources */,
				F435C3B82A66ADF400780BF8 /* MemoEntity+CoreDataProperties.swift in Sources */,
				F4DF987B2A98ADFC009B9B82 /* NotificationManager.swift in Sources */,
				F4C490952A448D78009D6B74 /* CycleCell.swift in Sources */,
				F435C3AB2A5C1A7C00780BF8 /* NameSpace.swift in Sources */,
				F4C490882A408C6C009D6B74 /* AlarmListCell.swift in Sources */,
			);
			runOnlyForDeploymentPostprocessing = 0;
		};
		F4AC47262A407C9E00C771DB /* Sources */ = {
			isa = PBXSourcesBuildPhase;
			buildActionMask = 2147483647;
			files = (
				F435C3B62A66ADF400780BF8 /* MemoEntity+CoreDataClass.swift in Sources */,
				F4AC472F2A407C9E00C771DB /* DailyDoTests.swift in Sources */,
				F435C3B92A66ADF400780BF8 /* MemoEntity+CoreDataProperties.swift in Sources */,
			);
			runOnlyForDeploymentPostprocessing = 0;
		};
		F4AC47302A407C9E00C771DB /* Sources */ = {
			isa = PBXSourcesBuildPhase;
			buildActionMask = 2147483647;
			files = (
				F435C3BA2A66ADF400780BF8 /* MemoEntity+CoreDataProperties.swift in Sources */,
				F435C3B72A66ADF400780BF8 /* MemoEntity+CoreDataClass.swift in Sources */,
				F4AC47392A407C9E00C771DB /* DailyDoUITests.swift in Sources */,
				F4AC473B2A407C9E00C771DB /* DailyDoUITestsLaunchTests.swift in Sources */,
			);
			runOnlyForDeploymentPostprocessing = 0;
		};
/* End PBXSourcesBuildPhase section */

/* Begin PBXTargetDependency section */
		F4AC472C2A407C9E00C771DB /* PBXTargetDependency */ = {
			isa = PBXTargetDependency;
			target = F4AC47132A407C9B00C771DB /* DailyDo */;
			targetProxy = F4AC472B2A407C9E00C771DB /* PBXContainerItemProxy */;
		};
		F4AC47362A407C9E00C771DB /* PBXTargetDependency */ = {
			isa = PBXTargetDependency;
			target = F4AC47132A407C9B00C771DB /* DailyDo */;
			targetProxy = F4AC47352A407C9E00C771DB /* PBXContainerItemProxy */;
		};
/* End PBXTargetDependency section */

/* Begin PBXVariantGroup section */
		F4AC471D2A407C9B00C771DB /* Main.storyboard */ = {
			isa = PBXVariantGroup;
			children = (
				F4AC471E2A407C9B00C771DB /* Base */,
			);
			name = Main.storyboard;
			sourceTree = "<group>";
		};
		F4AC47222A407C9D00C771DB /* LaunchScreen.storyboard */ = {
			isa = PBXVariantGroup;
			children = (
				F4AC47232A407C9D00C771DB /* Base */,
			);
			name = LaunchScreen.storyboard;
			sourceTree = "<group>";
		};
/* End PBXVariantGroup section */

/* Begin XCBuildConfiguration section */
		F4AC473C2A407C9E00C771DB /* Debug */ = {
			isa = XCBuildConfiguration;
			buildSettings = {
				ALWAYS_SEARCH_USER_PATHS = NO;
				CLANG_ANALYZER_NONNULL = YES;
				CLANG_ANALYZER_NUMBER_OBJECT_CONVERSION = YES_AGGRESSIVE;
				CLANG_CXX_LANGUAGE_STANDARD = "gnu++20";
				CLANG_ENABLE_MODULES = YES;
				CLANG_ENABLE_OBJC_ARC = YES;
				CLANG_ENABLE_OBJC_WEAK = YES;
				CLANG_WARN_BLOCK_CAPTURE_AUTORELEASING = YES;
				CLANG_WARN_BOOL_CONVERSION = YES;
				CLANG_WARN_COMMA = YES;
				CLANG_WARN_CONSTANT_CONVERSION = YES;
				CLANG_WARN_DEPRECATED_OBJC_IMPLEMENTATIONS = YES;
				CLANG_WARN_DIRECT_OBJC_ISA_USAGE = YES_ERROR;
				CLANG_WARN_DOCUMENTATION_COMMENTS = YES;
				CLANG_WARN_EMPTY_BODY = YES;
				CLANG_WARN_ENUM_CONVERSION = YES;
				CLANG_WARN_INFINITE_RECURSION = YES;
				CLANG_WARN_INT_CONVERSION = YES;
				CLANG_WARN_NON_LITERAL_NULL_CONVERSION = YES;
				CLANG_WARN_OBJC_IMPLICIT_RETAIN_SELF = YES;
				CLANG_WARN_OBJC_LITERAL_CONVERSION = YES;
				CLANG_WARN_OBJC_ROOT_CLASS = YES_ERROR;
				CLANG_WARN_QUOTED_INCLUDE_IN_FRAMEWORK_HEADER = YES;
				CLANG_WARN_RANGE_LOOP_ANALYSIS = YES;
				CLANG_WARN_STRICT_PROTOTYPES = YES;
				CLANG_WARN_SUSPICIOUS_MOVE = YES;
				CLANG_WARN_UNGUARDED_AVAILABILITY = YES_AGGRESSIVE;
				CLANG_WARN_UNREACHABLE_CODE = YES;
				CLANG_WARN__DUPLICATE_METHOD_MATCH = YES;
				COPY_PHASE_STRIP = NO;
				DEBUG_INFORMATION_FORMAT = dwarf;
				ENABLE_STRICT_OBJC_MSGSEND = YES;
				ENABLE_TESTABILITY = YES;
				GCC_C_LANGUAGE_STANDARD = gnu11;
				GCC_DYNAMIC_NO_PIC = NO;
				GCC_NO_COMMON_BLOCKS = YES;
				GCC_OPTIMIZATION_LEVEL = 0;
				GCC_PREPROCESSOR_DEFINITIONS = (
					"DEBUG=1",
					"$(inherited)",
				);
				GCC_WARN_64_TO_32_BIT_CONVERSION = YES;
				GCC_WARN_ABOUT_RETURN_TYPE = YES_ERROR;
				GCC_WARN_UNDECLARED_SELECTOR = YES;
				GCC_WARN_UNINITIALIZED_AUTOS = YES_AGGRESSIVE;
				GCC_WARN_UNUSED_FUNCTION = YES;
				GCC_WARN_UNUSED_VARIABLE = YES;
				IPHONEOS_DEPLOYMENT_TARGET = 16.2;
				MTL_ENABLE_DEBUG_INFO = INCLUDE_SOURCE;
				MTL_FAST_MATH = YES;
				ONLY_ACTIVE_ARCH = YES;
				SDKROOT = iphoneos;
				SWIFT_ACTIVE_COMPILATION_CONDITIONS = DEBUG;
				SWIFT_OPTIMIZATION_LEVEL = "-Onone";
			};
			name = Debug;
		};
		F4AC473D2A407C9E00C771DB /* Release */ = {
			isa = XCBuildConfiguration;
			buildSettings = {
				ALWAYS_SEARCH_USER_PATHS = NO;
				CLANG_ANALYZER_NONNULL = YES;
				CLANG_ANALYZER_NUMBER_OBJECT_CONVERSION = YES_AGGRESSIVE;
				CLANG_CXX_LANGUAGE_STANDARD = "gnu++20";
				CLANG_ENABLE_MODULES = YES;
				CLANG_ENABLE_OBJC_ARC = YES;
				CLANG_ENABLE_OBJC_WEAK = YES;
				CLANG_WARN_BLOCK_CAPTURE_AUTORELEASING = YES;
				CLANG_WARN_BOOL_CONVERSION = YES;
				CLANG_WARN_COMMA = YES;
				CLANG_WARN_CONSTANT_CONVERSION = YES;
				CLANG_WARN_DEPRECATED_OBJC_IMPLEMENTATIONS = YES;
				CLANG_WARN_DIRECT_OBJC_ISA_USAGE = YES_ERROR;
				CLANG_WARN_DOCUMENTATION_COMMENTS = YES;
				CLANG_WARN_EMPTY_BODY = YES;
				CLANG_WARN_ENUM_CONVERSION = YES;
				CLANG_WARN_INFINITE_RECURSION = YES;
				CLANG_WARN_INT_CONVERSION = YES;
				CLANG_WARN_NON_LITERAL_NULL_CONVERSION = YES;
				CLANG_WARN_OBJC_IMPLICIT_RETAIN_SELF = YES;
				CLANG_WARN_OBJC_LITERAL_CONVERSION = YES;
				CLANG_WARN_OBJC_ROOT_CLASS = YES_ERROR;
				CLANG_WARN_QUOTED_INCLUDE_IN_FRAMEWORK_HEADER = YES;
				CLANG_WARN_RANGE_LOOP_ANALYSIS = YES;
				CLANG_WARN_STRICT_PROTOTYPES = YES;
				CLANG_WARN_SUSPICIOUS_MOVE = YES;
				CLANG_WARN_UNGUARDED_AVAILABILITY = YES_AGGRESSIVE;
				CLANG_WARN_UNREACHABLE_CODE = YES;
				CLANG_WARN__DUPLICATE_METHOD_MATCH = YES;
				COPY_PHASE_STRIP = NO;
				DEBUG_INFORMATION_FORMAT = "dwarf-with-dsym";
				ENABLE_NS_ASSERTIONS = NO;
				ENABLE_STRICT_OBJC_MSGSEND = YES;
				GCC_C_LANGUAGE_STANDARD = gnu11;
				GCC_NO_COMMON_BLOCKS = YES;
				GCC_WARN_64_TO_32_BIT_CONVERSION = YES;
				GCC_WARN_ABOUT_RETURN_TYPE = YES_ERROR;
				GCC_WARN_UNDECLARED_SELECTOR = YES;
				GCC_WARN_UNINITIALIZED_AUTOS = YES_AGGRESSIVE;
				GCC_WARN_UNUSED_FUNCTION = YES;
				GCC_WARN_UNUSED_VARIABLE = YES;
				IPHONEOS_DEPLOYMENT_TARGET = 16.2;
				MTL_ENABLE_DEBUG_INFO = NO;
				MTL_FAST_MATH = YES;
				SDKROOT = iphoneos;
				SWIFT_COMPILATION_MODE = wholemodule;
				SWIFT_OPTIMIZATION_LEVEL = "-O";
				VALIDATE_PRODUCT = YES;
			};
			name = Release;
		};
		F4AC473F2A407C9E00C771DB /* Debug */ = {
			isa = XCBuildConfiguration;
			baseConfigurationReference = 0B907D45F95D00EFFF4B870E /* Pods-DailyDo.debug.xcconfig */;
			buildSettings = {
				ASSETCATALOG_COMPILER_APPICON_NAME = AppIcon;
				ASSETCATALOG_COMPILER_GLOBAL_ACCENT_COLOR_NAME = AccentColor;
				CODE_SIGN_STYLE = Automatic;
				CURRENT_PROJECT_VERSION = 1;
				DEVELOPMENT_TEAM = 72GVCX2P2A;
				GENERATE_INFOPLIST_FILE = YES;
				INFOPLIST_FILE = DailyDo/Info.plist;
				INFOPLIST_KEY_UIApplicationSupportsIndirectInputEvents = YES;
				INFOPLIST_KEY_UILaunchStoryboardName = LaunchScreen;
				INFOPLIST_KEY_UIMainStoryboardFile = Main;
				INFOPLIST_KEY_UISupportedInterfaceOrientations_iPad = "UIInterfaceOrientationPortrait UIInterfaceOrientationPortraitUpsideDown UIInterfaceOrientationLandscapeLeft UIInterfaceOrientationLandscapeRight";
				INFOPLIST_KEY_UISupportedInterfaceOrientations_iPhone = "UIInterfaceOrientationPortrait UIInterfaceOrientationLandscapeLeft UIInterfaceOrientationLandscapeRight";
				LD_RUNPATH_SEARCH_PATHS = (
					"$(inherited)",
					"@executable_path/Frameworks",
				);
				MARKETING_VERSION = 1.0;
				PRODUCT_BUNDLE_IDENTIFIER = soojang.DailyDo;
				PRODUCT_NAME = "$(TARGET_NAME)";
				SWIFT_EMIT_LOC_STRINGS = YES;
				SWIFT_VERSION = 5.0;
				TARGETED_DEVICE_FAMILY = "1,2";
			};
			name = Debug;
		};
		F4AC47402A407C9E00C771DB /* Release */ = {
			isa = XCBuildConfiguration;
			baseConfigurationReference = 2926D0F96BA610DF44CC1E8B /* Pods-DailyDo.release.xcconfig */;
			buildSettings = {
				ASSETCATALOG_COMPILER_APPICON_NAME = AppIcon;
				ASSETCATALOG_COMPILER_GLOBAL_ACCENT_COLOR_NAME = AccentColor;
				CODE_SIGN_STYLE = Automatic;
				CURRENT_PROJECT_VERSION = 1;
				DEVELOPMENT_TEAM = 72GVCX2P2A;
				GENERATE_INFOPLIST_FILE = YES;
				INFOPLIST_FILE = DailyDo/Info.plist;
				INFOPLIST_KEY_UIApplicationSupportsIndirectInputEvents = YES;
				INFOPLIST_KEY_UILaunchStoryboardName = LaunchScreen;
				INFOPLIST_KEY_UIMainStoryboardFile = Main;
				INFOPLIST_KEY_UISupportedInterfaceOrientations_iPad = "UIInterfaceOrientationPortrait UIInterfaceOrientationPortraitUpsideDown UIInterfaceOrientationLandscapeLeft UIInterfaceOrientationLandscapeRight";
				INFOPLIST_KEY_UISupportedInterfaceOrientations_iPhone = "UIInterfaceOrientationPortrait UIInterfaceOrientationLandscapeLeft UIInterfaceOrientationLandscapeRight";
				LD_RUNPATH_SEARCH_PATHS = (
					"$(inherited)",
					"@executable_path/Frameworks",
				);
				MARKETING_VERSION = 1.0;
				PRODUCT_BUNDLE_IDENTIFIER = soojang.DailyDo;
				PRODUCT_NAME = "$(TARGET_NAME)";
				SWIFT_EMIT_LOC_STRINGS = YES;
				SWIFT_VERSION = 5.0;
				TARGETED_DEVICE_FAMILY = "1,2";
			};
			name = Release;
		};
		F4AC47422A407C9E00C771DB /* Debug */ = {
			isa = XCBuildConfiguration;
			buildSettings = {
				ALWAYS_EMBED_SWIFT_STANDARD_LIBRARIES = YES;
				BUNDLE_LOADER = "$(TEST_HOST)";
				CODE_SIGN_STYLE = Automatic;
				CURRENT_PROJECT_VERSION = 1;
				DEVELOPMENT_TEAM = 72GVCX2P2A;
				GENERATE_INFOPLIST_FILE = YES;
				IPHONEOS_DEPLOYMENT_TARGET = 16.2;
				MARKETING_VERSION = 1.0;
				PRODUCT_BUNDLE_IDENTIFIER = soojang.DailyDoTests;
				PRODUCT_NAME = "$(TARGET_NAME)";
				SWIFT_EMIT_LOC_STRINGS = NO;
				SWIFT_VERSION = 5.0;
				TARGETED_DEVICE_FAMILY = "1,2";
				TEST_HOST = "$(BUILT_PRODUCTS_DIR)/DailyDo.app/$(BUNDLE_EXECUTABLE_FOLDER_PATH)/DailyDo";
			};
			name = Debug;
		};
		F4AC47432A407C9E00C771DB /* Release */ = {
			isa = XCBuildConfiguration;
			buildSettings = {
				ALWAYS_EMBED_SWIFT_STANDARD_LIBRARIES = YES;
				BUNDLE_LOADER = "$(TEST_HOST)";
				CODE_SIGN_STYLE = Automatic;
				CURRENT_PROJECT_VERSION = 1;
				DEVELOPMENT_TEAM = 72GVCX2P2A;
				GENERATE_INFOPLIST_FILE = YES;
				IPHONEOS_DEPLOYMENT_TARGET = 16.2;
				MARKETING_VERSION = 1.0;
				PRODUCT_BUNDLE_IDENTIFIER = soojang.DailyDoTests;
				PRODUCT_NAME = "$(TARGET_NAME)";
				SWIFT_EMIT_LOC_STRINGS = NO;
				SWIFT_VERSION = 5.0;
				TARGETED_DEVICE_FAMILY = "1,2";
				TEST_HOST = "$(BUILT_PRODUCTS_DIR)/DailyDo.app/$(BUNDLE_EXECUTABLE_FOLDER_PATH)/DailyDo";
			};
			name = Release;
		};
		F4AC47452A407C9E00C771DB /* Debug */ = {
			isa = XCBuildConfiguration;
			buildSettings = {
				ALWAYS_EMBED_SWIFT_STANDARD_LIBRARIES = YES;
				CODE_SIGN_STYLE = Automatic;
				CURRENT_PROJECT_VERSION = 1;
				DEVELOPMENT_TEAM = 72GVCX2P2A;
				GENERATE_INFOPLIST_FILE = YES;
				MARKETING_VERSION = 1.0;
				PRODUCT_BUNDLE_IDENTIFIER = soojang.DailyDoUITests;
				PRODUCT_NAME = "$(TARGET_NAME)";
				SWIFT_EMIT_LOC_STRINGS = NO;
				SWIFT_VERSION = 5.0;
				TARGETED_DEVICE_FAMILY = "1,2";
				TEST_TARGET_NAME = DailyDo;
			};
			name = Debug;
		};
		F4AC47462A407C9E00C771DB /* Release */ = {
			isa = XCBuildConfiguration;
			buildSettings = {
				ALWAYS_EMBED_SWIFT_STANDARD_LIBRARIES = YES;
				CODE_SIGN_STYLE = Automatic;
				CURRENT_PROJECT_VERSION = 1;
				DEVELOPMENT_TEAM = 72GVCX2P2A;
				GENERATE_INFOPLIST_FILE = YES;
				MARKETING_VERSION = 1.0;
				PRODUCT_BUNDLE_IDENTIFIER = soojang.DailyDoUITests;
				PRODUCT_NAME = "$(TARGET_NAME)";
				SWIFT_EMIT_LOC_STRINGS = NO;
				SWIFT_VERSION = 5.0;
				TARGETED_DEVICE_FAMILY = "1,2";
				TEST_TARGET_NAME = DailyDo;
			};
			name = Release;
		};
/* End XCBuildConfiguration section */

/* Begin XCConfigurationList section */
		F4AC470F2A407C9B00C771DB /* Build configuration list for PBXProject "DailyDo" */ = {
			isa = XCConfigurationList;
			buildConfigurations = (
				F4AC473C2A407C9E00C771DB /* Debug */,
				F4AC473D2A407C9E00C771DB /* Release */,
			);
			defaultConfigurationIsVisible = 0;
			defaultConfigurationName = Release;
		};
		F4AC473E2A407C9E00C771DB /* Build configuration list for PBXNativeTarget "DailyDo" */ = {
			isa = XCConfigurationList;
			buildConfigurations = (
				F4AC473F2A407C9E00C771DB /* Debug */,
				F4AC47402A407C9E00C771DB /* Release */,
			);
			defaultConfigurationIsVisible = 0;
			defaultConfigurationName = Release;
		};
		F4AC47412A407C9E00C771DB /* Build configuration list for PBXNativeTarget "DailyDoTests" */ = {
			isa = XCConfigurationList;
			buildConfigurations = (
				F4AC47422A407C9E00C771DB /* Debug */,
				F4AC47432A407C9E00C771DB /* Release */,
			);
			defaultConfigurationIsVisible = 0;
			defaultConfigurationName = Release;
		};
		F4AC47442A407C9E00C771DB /* Build configuration list for PBXNativeTarget "DailyDoUITests" */ = {
			isa = XCConfigurationList;
			buildConfigurations = (
				F4AC47452A407C9E00C771DB /* Debug */,
				F4AC47462A407C9E00C771DB /* Release */,
			);
			defaultConfigurationIsVisible = 0;
			defaultConfigurationName = Release;
		};
/* End XCConfigurationList section */

/* Begin XCVersionGroup section */
		F435C3A22A4C701600780BF8 /* CoredataModel.xcdatamodeld */ = {
			isa = XCVersionGroup;
			children = (
				F435C3A32A4C701600780BF8 /* CoredataModel.xcdatamodel */,
			);
			currentVersion = F435C3A32A4C701600780BF8 /* CoredataModel.xcdatamodel */;
			path = CoredataModel.xcdatamodeld;
			sourceTree = "<group>";
			versionGroupType = wrapper.xcdatamodel;
		};
/* End XCVersionGroup section */
	};
	rootObject = F4AC470C2A407C9B00C771DB /* Project object */;
}
